
Microsoft Visual Studio Solution File, Format Version 12.00
# Visual Studio 15
VisualStudioVersion = 15.0.26430.16
MinimumVisualStudioVersion = 10.0.40219.1
Project("{FAE04EC0-301F-11D3-BF4B-00C04F79EFBC}") = "MicrotingService", "MicrotingService\MicrotingService.csproj", "{49103384-B736-4A6C-921D-508FF8DEC705}"
EndProject
Project("{FAE04EC0-301F-11D3-BF4B-00C04F79EFBC}") = "ServiceTestConsole", "ServiceTestConsole\ServiceTestConsole.csproj", "{B3B57DB3-2F72-47BA-B4DD-907CBBF34EB5}"
EndProject
Project("{FAE04EC0-301F-11D3-BF4B-00C04F79EFBC}") = "MicrotingServiceInstaller", "MicrotingServiceInstaller\MicrotingServiceInstaller.csproj", "{E5A08D8D-DB04-4775-A7BF-A8144E9DC397}"
EndProject
Project("{FAE04EC0-301F-11D3-BF4B-00C04F79EFBC}") = "MicrotingService.Tests", "MicrotingService.Tests\MicrotingService.Tests.csproj", "{2E3DF5C2-8A38-4A03-86D7-8D463C917E47}"
EndProject
Global
	GlobalSection(SolutionConfigurationPlatforms) = preSolution
		Debug|Any CPU = Debug|Any CPU
		Release|Any CPU = Release|Any CPU
	EndGlobalSection
	GlobalSection(ProjectConfigurationPlatforms) = postSolution
		{49103384-B736-4A6C-921D-508FF8DEC705}.Debug|Any CPU.ActiveCfg = Debug|Any CPU
		{49103384-B736-4A6C-921D-508FF8DEC705}.Debug|Any CPU.Build.0 = Debug|Any CPU
		{49103384-B736-4A6C-921D-508FF8DEC705}.Release|Any CPU.ActiveCfg = Release|Any CPU
		{49103384-B736-4A6C-921D-508FF8DEC705}.Release|Any CPU.Build.0 = Release|Any CPU
		{B3B57DB3-2F72-47BA-B4DD-907CBBF34EB5}.Debug|Any CPU.ActiveCfg = Debug|Any CPU
		{B3B57DB3-2F72-47BA-B4DD-907CBBF34EB5}.Debug|Any CPU.Build.0 = Debug|Any CPU
		{B3B57DB3-2F72-47BA-B4DD-907CBBF34EB5}.Release|Any CPU.ActiveCfg = Release|Any CPU
		{B3B57DB3-2F72-47BA-B4DD-907CBBF34EB5}.Release|Any CPU.Build.0 = Release|Any CPU
		{E5A08D8D-DB04-4775-A7BF-A8144E9DC397}.Debug|Any CPU.ActiveCfg = Debug|Any CPU
		{E5A08D8D-DB04-4775-A7BF-A8144E9DC397}.Debug|Any CPU.Build.0 = Debug|Any CPU
		{E5A08D8D-DB04-4775-A7BF-A8144E9DC397}.Release|Any CPU.ActiveCfg = Release|Any CPU
		{E5A08D8D-DB04-4775-A7BF-A8144E9DC397}.Release|Any CPU.Build.0 = Release|Any CPU
		{2E3DF5C2-8A38-4A03-86D7-8D463C917E47}.Debug|Any CPU.ActiveCfg = Debug|Any CPU
		{2E3DF5C2-8A38-4A03-86D7-8D463C917E47}.Debug|Any CPU.Build.0 = Debug|Any CPU
		{2E3DF5C2-8A38-4A03-86D7-8D463C917E47}.Release|Any CPU.ActiveCfg = Release|Any CPU
		{2E3DF5C2-8A38-4A03-86D7-8D463C917E47}.Release|Any CPU.Build.0 = Release|Any CPU
	EndGlobalSection
	GlobalSection(SolutionProperties) = preSolution
		HideSolutionNode = FALSE
	EndGlobalSection
EndGlobal
