
Microsoft Visual Studio Solution File, Format Version 12.00
# Visual Studio 15
VisualStudioVersion = 15.0.27004.2009
MinimumVisualStudioVersion = 10.0.40219.1
Project("{FAE04EC0-301F-11D3-BF4B-00C04F79EFBC}") = "MicrotingService", "MicrotingService\MicrotingService.csproj", "{49103384-B736-4A6C-921D-508FF8DEC705}"
EndProject
Project("{FAE04EC0-301F-11D3-BF4B-00C04F79EFBC}") = "ServiceTestConsole", "ServiceTestConsole\ServiceTestConsole.csproj", "{B3B57DB3-2F72-47BA-B4DD-907CBBF34EB5}"
EndProject
Project("{FAE04EC0-301F-11D3-BF4B-00C04F79EFBC}") = "MicrotingServiceInstaller", "MicrotingServiceInstaller\MicrotingServiceInstaller.csproj", "{E5A08D8D-DB04-4775-A7BF-A8144E9DC397}"
EndProject
Project("{FAE04EC0-301F-11D3-BF4B-00C04F79EFBC}") = "UnitTest", "UnitTest\UnitTest.csproj", "{2E3DF5C2-8A38-4A03-86D7-8D463C917E47}"
EndProject
Project("{930C7802-8A8C-48F9-8165-68863BCCD9DD}") = "Installer", "Installer\MainInstaller\Installer.wixproj", "{B008808B-2C99-45EA-85E4-65AA45C0C46D}"
	ProjectSection(ProjectDependencies) = postProject
		{A9B8A71A-21CD-4499-A058-839B2754E6EF} = {A9B8A71A-21CD-4499-A058-839B2754E6EF}
		{2B167169-F122-4F1F-9881-0DC8C07585B8} = {2B167169-F122-4F1F-9881-0DC8C07585B8}
	EndProjectSection
EndProject
Project("{FAE04EC0-301F-11D3-BF4B-00C04F79EFBC}") = "AllowMultipleVersions", "Installer\AllowMultipleVersions\AllowMultipleVersions.csproj", "{2B167169-F122-4F1F-9881-0DC8C07585B8}"
EndProject
Project("{FAE04EC0-301F-11D3-BF4B-00C04F79EFBC}") = "MicrotingCustomActions", "Installer\MicrotingCustomActions\MicrotingCustomActions.csproj", "{A9B8A71A-21CD-4499-A058-839B2754E6EF}"
EndProject
Project("{2150E333-8FDC-42A3-9474-1A3956D46DE8}") = "Installation", "Installation", "{B3A6E173-FDEE-42F1-8024-19A8B179F5F3}"
EndProject
Project("{FAE04EC0-301F-11D3-BF4B-00C04F79EFBC}") = "InstallerRunner", "Installer\InstallerRunner\InstallerRunner.csproj", "{B006287A-FB9C-484F-B487-C62D2712AECD}"
	ProjectSection(ProjectDependencies) = postProject
		{B008808B-2C99-45EA-85E4-65AA45C0C46D} = {B008808B-2C99-45EA-85E4-65AA45C0C46D}
	EndProjectSection
EndProject
Project("{2150E333-8FDC-42A3-9474-1A3956D46DE8}") = "DevOps", "DevOps", "{92F37F91-E562-4F63-9FB8-5059E98FE324}"
	ProjectSection(SolutionItems) = preProject
		CodeCoverage.runsettings = CodeCoverage.runsettings
		TestSettings.runsettings = TestSettings.runsettings
	EndProjectSection
EndProject
Project("{2150E333-8FDC-42A3-9474-1A3956D46DE8}") = "Tests", "Tests", "{F3ADCD7B-BB96-4C56-A46D-BB78909835A0}"
EndProject
Project("{FAE04EC0-301F-11D3-BF4B-00C04F79EFBC}") = "MicrotingService.Tests", "MicrotingService.Tests\MicrotingService.Tests.csproj", "{475D19EE-B989-48D3-B101-F7CA0FEFDEE6}"
EndProject
Global
	GlobalSection(SolutionConfigurationPlatforms) = preSolution
		Debug|Any CPU = Debug|Any CPU
		Debug|x64 = Debug|x64
		Debug|x86 = Debug|x86
		Release|Any CPU = Release|Any CPU
		Release|x64 = Release|x64
		Release|x86 = Release|x86
	EndGlobalSection
	GlobalSection(ProjectConfigurationPlatforms) = postSolution
		{49103384-B736-4A6C-921D-508FF8DEC705}.Debug|Any CPU.ActiveCfg = Debug|Any CPU
		{49103384-B736-4A6C-921D-508FF8DEC705}.Debug|Any CPU.Build.0 = Debug|Any CPU
		{49103384-B736-4A6C-921D-508FF8DEC705}.Debug|x64.ActiveCfg = Debug|x64
		{49103384-B736-4A6C-921D-508FF8DEC705}.Debug|x64.Build.0 = Debug|x64
		{49103384-B736-4A6C-921D-508FF8DEC705}.Debug|x86.ActiveCfg = Debug|Any CPU
		{49103384-B736-4A6C-921D-508FF8DEC705}.Debug|x86.Build.0 = Debug|Any CPU
		{49103384-B736-4A6C-921D-508FF8DEC705}.Release|Any CPU.ActiveCfg = Release|Any CPU
		{49103384-B736-4A6C-921D-508FF8DEC705}.Release|Any CPU.Build.0 = Release|Any CPU
		{49103384-B736-4A6C-921D-508FF8DEC705}.Release|x64.ActiveCfg = Release|x64
		{49103384-B736-4A6C-921D-508FF8DEC705}.Release|x64.Build.0 = Release|x64
		{49103384-B736-4A6C-921D-508FF8DEC705}.Release|x86.ActiveCfg = Release|Any CPU
		{49103384-B736-4A6C-921D-508FF8DEC705}.Release|x86.Build.0 = Release|Any CPU
		{B3B57DB3-2F72-47BA-B4DD-907CBBF34EB5}.Debug|Any CPU.ActiveCfg = Debug|Any CPU
		{B3B57DB3-2F72-47BA-B4DD-907CBBF34EB5}.Debug|Any CPU.Build.0 = Debug|Any CPU
		{B3B57DB3-2F72-47BA-B4DD-907CBBF34EB5}.Debug|x64.ActiveCfg = Debug|x64
		{B3B57DB3-2F72-47BA-B4DD-907CBBF34EB5}.Debug|x64.Build.0 = Debug|x64
		{B3B57DB3-2F72-47BA-B4DD-907CBBF34EB5}.Debug|x86.ActiveCfg = Debug|Any CPU
		{B3B57DB3-2F72-47BA-B4DD-907CBBF34EB5}.Debug|x86.Build.0 = Debug|Any CPU
		{B3B57DB3-2F72-47BA-B4DD-907CBBF34EB5}.Release|Any CPU.ActiveCfg = Release|Any CPU
		{B3B57DB3-2F72-47BA-B4DD-907CBBF34EB5}.Release|Any CPU.Build.0 = Release|Any CPU
		{B3B57DB3-2F72-47BA-B4DD-907CBBF34EB5}.Release|x64.ActiveCfg = Release|x64
		{B3B57DB3-2F72-47BA-B4DD-907CBBF34EB5}.Release|x64.Build.0 = Release|x64
		{B3B57DB3-2F72-47BA-B4DD-907CBBF34EB5}.Release|x86.ActiveCfg = Release|Any CPU
		{B3B57DB3-2F72-47BA-B4DD-907CBBF34EB5}.Release|x86.Build.0 = Release|Any CPU
		{E5A08D8D-DB04-4775-A7BF-A8144E9DC397}.Debug|Any CPU.ActiveCfg = Debug|Any CPU
		{E5A08D8D-DB04-4775-A7BF-A8144E9DC397}.Debug|Any CPU.Build.0 = Debug|Any CPU
		{E5A08D8D-DB04-4775-A7BF-A8144E9DC397}.Debug|x64.ActiveCfg = Debug|x64
		{E5A08D8D-DB04-4775-A7BF-A8144E9DC397}.Debug|x64.Build.0 = Debug|x64
		{E5A08D8D-DB04-4775-A7BF-A8144E9DC397}.Debug|x86.ActiveCfg = Debug|Any CPU
		{E5A08D8D-DB04-4775-A7BF-A8144E9DC397}.Debug|x86.Build.0 = Debug|Any CPU
		{E5A08D8D-DB04-4775-A7BF-A8144E9DC397}.Release|Any CPU.ActiveCfg = Release|Any CPU
		{E5A08D8D-DB04-4775-A7BF-A8144E9DC397}.Release|Any CPU.Build.0 = Release|Any CPU
		{E5A08D8D-DB04-4775-A7BF-A8144E9DC397}.Release|x64.ActiveCfg = Release|x64
		{E5A08D8D-DB04-4775-A7BF-A8144E9DC397}.Release|x64.Build.0 = Release|x64
		{E5A08D8D-DB04-4775-A7BF-A8144E9DC397}.Release|x86.ActiveCfg = Release|Any CPU
		{E5A08D8D-DB04-4775-A7BF-A8144E9DC397}.Release|x86.Build.0 = Release|Any CPU
		{2E3DF5C2-8A38-4A03-86D7-8D463C917E47}.Debug|Any CPU.ActiveCfg = Debug|Any CPU
		{2E3DF5C2-8A38-4A03-86D7-8D463C917E47}.Debug|Any CPU.Build.0 = Debug|Any CPU
		{2E3DF5C2-8A38-4A03-86D7-8D463C917E47}.Debug|x64.ActiveCfg = Debug|x64
		{2E3DF5C2-8A38-4A03-86D7-8D463C917E47}.Debug|x64.Build.0 = Debug|x64
		{2E3DF5C2-8A38-4A03-86D7-8D463C917E47}.Debug|x86.ActiveCfg = Debug|Any CPU
		{2E3DF5C2-8A38-4A03-86D7-8D463C917E47}.Debug|x86.Build.0 = Debug|Any CPU
		{2E3DF5C2-8A38-4A03-86D7-8D463C917E47}.Release|Any CPU.ActiveCfg = Release|Any CPU
		{2E3DF5C2-8A38-4A03-86D7-8D463C917E47}.Release|Any CPU.Build.0 = Release|Any CPU
		{2E3DF5C2-8A38-4A03-86D7-8D463C917E47}.Release|x64.ActiveCfg = Release|x64
		{2E3DF5C2-8A38-4A03-86D7-8D463C917E47}.Release|x64.Build.0 = Release|x64
		{2E3DF5C2-8A38-4A03-86D7-8D463C917E47}.Release|x86.ActiveCfg = Release|Any CPU
		{2E3DF5C2-8A38-4A03-86D7-8D463C917E47}.Release|x86.Build.0 = Release|Any CPU
		{B008808B-2C99-45EA-85E4-65AA45C0C46D}.Debug|Any CPU.ActiveCfg = Debug|x64
		{B008808B-2C99-45EA-85E4-65AA45C0C46D}.Debug|x64.ActiveCfg = Debug|x64
		{B008808B-2C99-45EA-85E4-65AA45C0C46D}.Debug|x64.Build.0 = Debug|x64
		{B008808B-2C99-45EA-85E4-65AA45C0C46D}.Debug|x86.ActiveCfg = Debug|x64
		{B008808B-2C99-45EA-85E4-65AA45C0C46D}.Release|Any CPU.ActiveCfg = Release|x64
		{B008808B-2C99-45EA-85E4-65AA45C0C46D}.Release|x64.ActiveCfg = Release|x64
		{B008808B-2C99-45EA-85E4-65AA45C0C46D}.Release|x64.Build.0 = Release|x64
		{B008808B-2C99-45EA-85E4-65AA45C0C46D}.Release|x86.ActiveCfg = Release|x64
		{2B167169-F122-4F1F-9881-0DC8C07585B8}.Debug|Any CPU.ActiveCfg = Debug|Any CPU
		{2B167169-F122-4F1F-9881-0DC8C07585B8}.Debug|Any CPU.Build.0 = Debug|Any CPU
		{2B167169-F122-4F1F-9881-0DC8C07585B8}.Debug|x64.ActiveCfg = Debug|x64
		{2B167169-F122-4F1F-9881-0DC8C07585B8}.Debug|x64.Build.0 = Debug|x64
		{2B167169-F122-4F1F-9881-0DC8C07585B8}.Debug|x86.ActiveCfg = Debug|Any CPU
		{2B167169-F122-4F1F-9881-0DC8C07585B8}.Debug|x86.Build.0 = Debug|Any CPU
		{2B167169-F122-4F1F-9881-0DC8C07585B8}.Release|Any CPU.ActiveCfg = Release|Any CPU
		{2B167169-F122-4F1F-9881-0DC8C07585B8}.Release|Any CPU.Build.0 = Release|Any CPU
		{2B167169-F122-4F1F-9881-0DC8C07585B8}.Release|x64.ActiveCfg = Release|x64
		{2B167169-F122-4F1F-9881-0DC8C07585B8}.Release|x64.Build.0 = Release|x64
		{2B167169-F122-4F1F-9881-0DC8C07585B8}.Release|x86.ActiveCfg = Release|Any CPU
		{2B167169-F122-4F1F-9881-0DC8C07585B8}.Release|x86.Build.0 = Release|Any CPU
		{A9B8A71A-21CD-4499-A058-839B2754E6EF}.Debug|Any CPU.ActiveCfg = Debug|x86
		{A9B8A71A-21CD-4499-A058-839B2754E6EF}.Debug|x64.ActiveCfg = Debug|x64
		{A9B8A71A-21CD-4499-A058-839B2754E6EF}.Debug|x64.Build.0 = Debug|x64
		{A9B8A71A-21CD-4499-A058-839B2754E6EF}.Debug|x86.ActiveCfg = Debug|x86
		{A9B8A71A-21CD-4499-A058-839B2754E6EF}.Debug|x86.Build.0 = Debug|x86
		{A9B8A71A-21CD-4499-A058-839B2754E6EF}.Release|Any CPU.ActiveCfg = Release|x86
		{A9B8A71A-21CD-4499-A058-839B2754E6EF}.Release|x64.ActiveCfg = Release|x64
		{A9B8A71A-21CD-4499-A058-839B2754E6EF}.Release|x64.Build.0 = Release|x64
		{A9B8A71A-21CD-4499-A058-839B2754E6EF}.Release|x86.ActiveCfg = Release|x86
		{A9B8A71A-21CD-4499-A058-839B2754E6EF}.Release|x86.Build.0 = Release|x86
		{B006287A-FB9C-484F-B487-C62D2712AECD}.Debug|Any CPU.ActiveCfg = Debug|Any CPU
		{B006287A-FB9C-484F-B487-C62D2712AECD}.Debug|Any CPU.Build.0 = Debug|Any CPU
		{B006287A-FB9C-484F-B487-C62D2712AECD}.Debug|x64.ActiveCfg = Debug|Any CPU
		{B006287A-FB9C-484F-B487-C62D2712AECD}.Debug|x64.Build.0 = Debug|Any CPU
		{B006287A-FB9C-484F-B487-C62D2712AECD}.Debug|x86.ActiveCfg = Debug|Any CPU
		{B006287A-FB9C-484F-B487-C62D2712AECD}.Debug|x86.Build.0 = Debug|Any CPU
		{B006287A-FB9C-484F-B487-C62D2712AECD}.Release|Any CPU.ActiveCfg = Release|Any CPU
		{B006287A-FB9C-484F-B487-C62D2712AECD}.Release|Any CPU.Build.0 = Release|Any CPU
		{B006287A-FB9C-484F-B487-C62D2712AECD}.Release|x64.ActiveCfg = Release|Any CPU
		{B006287A-FB9C-484F-B487-C62D2712AECD}.Release|x64.Build.0 = Release|Any CPU
		{B006287A-FB9C-484F-B487-C62D2712AECD}.Release|x86.ActiveCfg = Release|Any CPU
		{B006287A-FB9C-484F-B487-C62D2712AECD}.Release|x86.Build.0 = Release|Any CPU
		{475D19EE-B989-48D3-B101-F7CA0FEFDEE6}.Debug|Any CPU.ActiveCfg = Debug|Any CPU
		{475D19EE-B989-48D3-B101-F7CA0FEFDEE6}.Debug|Any CPU.Build.0 = Debug|Any CPU
		{475D19EE-B989-48D3-B101-F7CA0FEFDEE6}.Debug|x64.ActiveCfg = Debug|Any CPU
		{475D19EE-B989-48D3-B101-F7CA0FEFDEE6}.Debug|x64.Build.0 = Debug|Any CPU
		{475D19EE-B989-48D3-B101-F7CA0FEFDEE6}.Debug|x86.ActiveCfg = Debug|Any CPU
		{475D19EE-B989-48D3-B101-F7CA0FEFDEE6}.Debug|x86.Build.0 = Debug|Any CPU
		{475D19EE-B989-48D3-B101-F7CA0FEFDEE6}.Release|Any CPU.ActiveCfg = Release|Any CPU
		{475D19EE-B989-48D3-B101-F7CA0FEFDEE6}.Release|Any CPU.Build.0 = Release|Any CPU
		{475D19EE-B989-48D3-B101-F7CA0FEFDEE6}.Release|x64.ActiveCfg = Release|Any CPU
		{475D19EE-B989-48D3-B101-F7CA0FEFDEE6}.Release|x64.Build.0 = Release|Any CPU
		{475D19EE-B989-48D3-B101-F7CA0FEFDEE6}.Release|x86.ActiveCfg = Release|Any CPU
		{475D19EE-B989-48D3-B101-F7CA0FEFDEE6}.Release|x86.Build.0 = Release|Any CPU
	EndGlobalSection
	GlobalSection(SolutionProperties) = preSolution
		HideSolutionNode = FALSE
	EndGlobalSection
	GlobalSection(NestedProjects) = preSolution
		{B008808B-2C99-45EA-85E4-65AA45C0C46D} = {B3A6E173-FDEE-42F1-8024-19A8B179F5F3}
		{2B167169-F122-4F1F-9881-0DC8C07585B8} = {B3A6E173-FDEE-42F1-8024-19A8B179F5F3}
		{A9B8A71A-21CD-4499-A058-839B2754E6EF} = {B3A6E173-FDEE-42F1-8024-19A8B179F5F3}
		{B006287A-FB9C-484F-B487-C62D2712AECD} = {B3A6E173-FDEE-42F1-8024-19A8B179F5F3}
	EndGlobalSection
	GlobalSection(ExtensibilityGlobals) = postSolution
		SolutionGuid = {38B04F26-A2C3-4E94-9EA6-9F724F89153B}
	EndGlobalSection
EndGlobal
